{
  "version": 4,
  "terraform_version": "1.9.2",
  "serial": 5,
  "lineage": "6bb1179d-be07-6f69-0c88-2af715cea2ea",
  "outputs": {
    "kubernetes_cluster_ca_certificate": {
      "value": "LS0tLS1CRUdJTiBDRVJUSUZJQ0FURS0tLS0tCk1JSUVMVENDQXBXZ0F3SUJBZ0lSQUw2QURCME1yVXk2UkZlMEVNYjY1VVF3RFFZSktvWklodmNOQVFFTEJRQXcKTHpFdE1Dc0dBMVVFQXhNa1lUZGlOV1JqWXprdE1tWXpOUzAwWm1RekxUZ3hOVEV0TTJZek5qUTFZems1TkdZNQpNQ0FYRFRJME1USXpNREl4TWpFeE0xb1lEekl3TlRReE1qSXpNakl5TVRFeldqQXZNUzB3S3dZRFZRUURFeVJoCk4ySTFaR05qT1MweVpqTTFMVFJtWkRNdE9ERTFNUzB6WmpNMk5EVmpPVGswWmprd2dnR2lNQTBHQ1NxR1NJYjMKRFFFQkFRVUFBNElCandBd2dnR0tBb0lCZ1FDaGJIUndsZ2Z1TkRwK2ZRMHpYSHhhY2tUcTlaeU9YM1dSRVU0WQpsQXpVUXc1SFB6S0RLT2xMcXkyeStRWitmRmhIUHBFZEQvYjhtUk1uZjNmYkN3RjBnbk91c1htakg0TGpGcXpmCk1OVnd5bC9uNytrdC8xc0RpSzFJQThqYTYzaWJvWlV6QTJOS1FSQ3VQYkxiRkxSUVF5NmdwWFlhZkVVZE8vWW8KWVR2MVpNTFRabllONUZZSFU5Qy9wOFM4T28rS1g5UkFWNUVuUkpYQ21iVWRTRnpXS0Z3em41Q3U0U1FPc0MxdgpQOHo2TExNT1Y5QUJaMUxSYmJDTU16VncwZ1NZcEk3QUFIMWR2NCtrekZ6NUl1NXRkRlJDaTg1OHhCNHVOVG1sCndmRVhtZjFaQWhxUzk1T3pKbngzdW9iV09Zb0NncjBmS00yZE51ZlA0bENnUEdqTjBYSEJhUkhJcUd4Ly9qRW4KSHl4RHVzbFZtWXdjdnUzWktXTVBaZ0gzaGdMK2ZvOHZoaFh5UWdLRW00aUhtdjR3NG9TR3dWQTdFYTN0WWtLMgpPYWZRYTRMK0E4Q3l6eWFhL29yNW0ybXpLdFIrcWNzSmFpUE81aWJJMnM2YitaVUNleGxlcENNby9aNlVYT3NBCng3SE16OFdhUlNwOFY4cGxZMzYwS3ZKeWZpMENBd0VBQWFOQ01FQXdEZ1lEVlIwUEFRSC9CQVFEQWdJRU1BOEcKQTFVZEV3RUIvd1FGTUFNQkFmOHdIUVlEVlIwT0JCWUVGRXVtM2xiMmtCTlRiZlU2aFNxL2ZoQm81QWRaTUEwRwpDU3FHU0liM0RRRUJDd1VBQTRJQmdRQ1BoM2J4azNpV2ZqVXVVMk44Z01VcjdZS25xT0liL21xL1VscmgrSjJnCnd2MU80QTdmVDlsQmpvTWNqYW1USTB3ZkVPUUxweFV4dGNCWWZQc1JsVGszMnYyTHZZUERUMEhHRGxueUNKd3EKendtTVRhU2s4aEZMNDBucitDN3RSZC9XWmhhT25Ka0RpUURDM1Z3MVpDNWxVSjl2ME9Qd0pPRVVuMWxTZ0oyTwp2VWN3Z1R3dk1qZDNGNEJsWHgxcXlTbExWZHpSbnRzQ25iOFUydlkrMWJSRHFkQytMMll4L1V6MStDNHJDT2FECnBnT3NTa0Z1NHVXTEhYWVN5K250bnFZZkVVVnZtbWxYMUVGVmxISjF6aUJJVW9WRUdkZU1TUkI0OEV6ZTZIQmIKanBFMkd0Ni9tM2xiVHdCaUkxdWFkZzdVWDFaQmRQUTJOd2gyNm5sM1ZFN1hjcjdVQ0NabEhPcHhrU2pCaEpiYQpnTjg1QTVGUWtJWGNiTmRSR1hCZ2Y0aWlyNnZEcHExVTd5SzI5TGRSYTJVcVJWNmU2bDlwVE1Lb09PaW1qUXF3ClJacjZWc0plajkzY1VZYUlqTFNDMnNpUFZwWlBvdDFwQVEwK3F3VmJ3WFJYTWZ5aXhWUUw1SWlZZnFYL2RsWXgKbEwrejlTK0xHbFQxMVIyd24vaUw5dFU9Ci0tLS0tRU5EIENFUlRJRklDQVRFLS0tLS0K",
      "type": "string"
    },
    "kubernetes_cluster_endpoint": {
      "value": "34.87.132.83",
      "type": "string"
    },
    "kubernetes_cluster_name": {
      "value": "savvy-ceiling-446122-d5-gke",
      "type": "string"
    }
  },
  "resources": [
    {
      "mode": "managed",
      "type": "google_container_cluster",
      "name": "primary",
      "provider": "provider[\"registry.terraform.io/hashicorp/google\"]",
      "instances": [
        {
          "schema_version": 1,
          "attributes": {
            "addons_config": [
              {
                "cloudrun_config": [],
                "config_connector_config": [],
                "dns_cache_config": [],
                "gce_persistent_disk_csi_driver_config": [
                  {
                    "enabled": true
                  }
                ],
                "gcp_filestore_csi_driver_config": [],
                "gcs_fuse_csi_driver_config": [],
                "gke_backup_agent_config": [],
                "horizontal_pod_autoscaling": [],
                "http_load_balancing": [],
                "network_policy_config": [
                  {
                    "disabled": true
                  }
                ]
              }
            ],
            "allow_net_admin": null,
            "authenticator_groups_config": [],
            "binary_authorization": [
              {
                "enabled": false,
                "evaluation_mode": ""
              }
            ],
            "cluster_autoscaling": [
              {
                "auto_provisioning_defaults": [],
                "enabled": false,
                "resource_limits": []
              }
            ],
            "cluster_ipv4_cidr": "10.0.0.0/14",
            "confidential_nodes": [],
            "cost_management_config": [],
            "database_encryption": [
              {
                "key_name": "",
                "state": "DECRYPTED"
              }
            ],
            "datapath_provider": "",
            "default_max_pods_per_node": null,
            "default_snat_status": [
              {
                "disabled": false
              }
            ],
            "description": "",
            "dns_config": [],
            "enable_autopilot": false,
            "enable_binary_authorization": false,
            "enable_intranode_visibility": false,
            "enable_k8s_beta_apis": [],
            "enable_kubernetes_alpha": false,
            "enable_l4_ilb_subsetting": false,
            "enable_legacy_abac": false,
            "enable_shielded_nodes": true,
            "enable_tpu": false,
            "endpoint": "34.87.132.83",
            "gateway_api_config": [],
            "id": "projects/savvy-ceiling-446122-d5/locations/asia-southeast1-a/clusters/savvy-ceiling-446122-d5-gke",
            "initial_node_count": 1,
            "ip_allocation_policy": [],
            "label_fingerprint": "a9dc16a7",
            "location": "asia-southeast1-a",
            "logging_config": [
              {
                "enable_components": [
                  "SYSTEM_COMPONENTS",
                  "WORKLOADS"
                ]
              }
            ],
            "logging_service": "logging.googleapis.com/kubernetes",
            "maintenance_policy": [],
            "master_auth": [
              {
                "client_certificate": "",
                "client_certificate_config": [
                  {
                    "issue_client_certificate": false
                  }
                ],
                "client_key": "",
                "cluster_ca_certificate": "LS0tLS1CRUdJTiBDRVJUSUZJQ0FURS0tLS0tCk1JSUVMVENDQXBXZ0F3SUJBZ0lSQUw2QURCME1yVXk2UkZlMEVNYjY1VVF3RFFZSktvWklodmNOQVFFTEJRQXcKTHpFdE1Dc0dBMVVFQXhNa1lUZGlOV1JqWXprdE1tWXpOUzAwWm1RekxUZ3hOVEV0TTJZek5qUTFZems1TkdZNQpNQ0FYRFRJME1USXpNREl4TWpFeE0xb1lEekl3TlRReE1qSXpNakl5TVRFeldqQXZNUzB3S3dZRFZRUURFeVJoCk4ySTFaR05qT1MweVpqTTFMVFJtWkRNdE9ERTFNUzB6WmpNMk5EVmpPVGswWmprd2dnR2lNQTBHQ1NxR1NJYjMKRFFFQkFRVUFBNElCandBd2dnR0tBb0lCZ1FDaGJIUndsZ2Z1TkRwK2ZRMHpYSHhhY2tUcTlaeU9YM1dSRVU0WQpsQXpVUXc1SFB6S0RLT2xMcXkyeStRWitmRmhIUHBFZEQvYjhtUk1uZjNmYkN3RjBnbk91c1htakg0TGpGcXpmCk1OVnd5bC9uNytrdC8xc0RpSzFJQThqYTYzaWJvWlV6QTJOS1FSQ3VQYkxiRkxSUVF5NmdwWFlhZkVVZE8vWW8KWVR2MVpNTFRabllONUZZSFU5Qy9wOFM4T28rS1g5UkFWNUVuUkpYQ21iVWRTRnpXS0Z3em41Q3U0U1FPc0MxdgpQOHo2TExNT1Y5QUJaMUxSYmJDTU16VncwZ1NZcEk3QUFIMWR2NCtrekZ6NUl1NXRkRlJDaTg1OHhCNHVOVG1sCndmRVhtZjFaQWhxUzk1T3pKbngzdW9iV09Zb0NncjBmS00yZE51ZlA0bENnUEdqTjBYSEJhUkhJcUd4Ly9qRW4KSHl4RHVzbFZtWXdjdnUzWktXTVBaZ0gzaGdMK2ZvOHZoaFh5UWdLRW00aUhtdjR3NG9TR3dWQTdFYTN0WWtLMgpPYWZRYTRMK0E4Q3l6eWFhL29yNW0ybXpLdFIrcWNzSmFpUE81aWJJMnM2YitaVUNleGxlcENNby9aNlVYT3NBCng3SE16OFdhUlNwOFY4cGxZMzYwS3ZKeWZpMENBd0VBQWFOQ01FQXdEZ1lEVlIwUEFRSC9CQVFEQWdJRU1BOEcKQTFVZEV3RUIvd1FGTUFNQkFmOHdIUVlEVlIwT0JCWUVGRXVtM2xiMmtCTlRiZlU2aFNxL2ZoQm81QWRaTUEwRwpDU3FHU0liM0RRRUJDd1VBQTRJQmdRQ1BoM2J4azNpV2ZqVXVVMk44Z01VcjdZS25xT0liL21xL1VscmgrSjJnCnd2MU80QTdmVDlsQmpvTWNqYW1USTB3ZkVPUUxweFV4dGNCWWZQc1JsVGszMnYyTHZZUERUMEhHRGxueUNKd3EKendtTVRhU2s4aEZMNDBucitDN3RSZC9XWmhhT25Ka0RpUURDM1Z3MVpDNWxVSjl2ME9Qd0pPRVVuMWxTZ0oyTwp2VWN3Z1R3dk1qZDNGNEJsWHgxcXlTbExWZHpSbnRzQ25iOFUydlkrMWJSRHFkQytMMll4L1V6MStDNHJDT2FECnBnT3NTa0Z1NHVXTEhYWVN5K250bnFZZkVVVnZtbWxYMUVGVmxISjF6aUJJVW9WRUdkZU1TUkI0OEV6ZTZIQmIKanBFMkd0Ni9tM2xiVHdCaUkxdWFkZzdVWDFaQmRQUTJOd2gyNm5sM1ZFN1hjcjdVQ0NabEhPcHhrU2pCaEpiYQpnTjg1QTVGUWtJWGNiTmRSR1hCZ2Y0aWlyNnZEcHExVTd5SzI5TGRSYTJVcVJWNmU2bDlwVE1Lb09PaW1qUXF3ClJacjZWc0plajkzY1VZYUlqTFNDMnNpUFZwWlBvdDFwQVEwK3F3VmJ3WFJYTWZ5aXhWUUw1SWlZZnFYL2RsWXgKbEwrejlTK0xHbFQxMVIyd24vaUw5dFU9Ci0tLS0tRU5EIENFUlRJRklDQVRFLS0tLS0K"
              }
            ],
            "master_authorized_networks_config": [],
            "master_version": "1.30.6-gke.1125000",
            "mesh_certificates": [],
            "min_master_version": null,
            "monitoring_config": [
              {
                "advanced_datapath_observability_config": [
                  {
                    "enable_metrics": false,
                    "relay_mode": ""
                  }
                ],
                "enable_components": [
                  "SYSTEM_COMPONENTS",
                  "POD",
                  "DAEMONSET",
                  "DEPLOYMENT",
                  "STATEFULSET",
                  "STORAGE",
                  "HPA",
                  "CADVISOR",
                  "KUBELET"
                ],
                "managed_prometheus": [
                  {
                    "enabled": true
                  }
                ]
              }
            ],
            "monitoring_service": "monitoring.googleapis.com/kubernetes",
            "name": "savvy-ceiling-446122-d5-gke",
            "network": "projects/savvy-ceiling-446122-d5/global/networks/default",
            "network_policy": [
              {
                "enabled": false,
                "provider": "PROVIDER_UNSPECIFIED"
              }
            ],
            "networking_mode": "ROUTES",
            "node_config": [],
            "node_locations": [],
            "node_pool": [],
            "node_pool_defaults": [
              {
                "node_config_defaults": [
                  {
                    "logging_variant": "DEFAULT"
                  }
                ]
              }
            ],
            "node_version": "1.30.6-gke.1125000",
            "notification_config": [
              {
                "pubsub": [
                  {
                    "enabled": false,
                    "filter": [],
                    "topic": ""
                  }
                ]
              }
            ],
            "operation": null,
            "private_cluster_config": [
              {
                "enable_private_endpoint": false,
                "enable_private_nodes": false,
                "master_global_access_config": [
                  {
                    "enabled": false
                  }
                ],
                "master_ipv4_cidr_block": "",
                "peering_name": "",
                "private_endpoint": "10.148.0.19",
                "private_endpoint_subnetwork": "",
                "public_endpoint": "34.87.132.83"
              }
            ],
            "private_ipv6_google_access": "",
            "project": "savvy-ceiling-446122-d5",
            "release_channel": [
              {
                "channel": "REGULAR"
              }
            ],
            "remove_default_node_pool": true,
            "resource_labels": null,
            "resource_usage_export_config": [],
            "security_posture_config": [
              {
                "mode": "BASIC",
                "vulnerability_mode": "VULNERABILITY_MODE_UNSPECIFIED"
              }
            ],
            "self_link": "https://container.googleapis.com/v1/projects/savvy-ceiling-446122-d5/zones/asia-southeast1-a/clusters/savvy-ceiling-446122-d5-gke",
            "service_external_ips_config": [
              {
                "enabled": false
              }
            ],
            "services_ipv4_cidr": "10.3.240.0/20",
            "subnetwork": "projects/savvy-ceiling-446122-d5/regions/asia-southeast1/subnetworks/default",
            "timeouts": null,
            "tpu_ipv4_cidr_block": "",
            "vertical_pod_autoscaling": [],
            "workload_identity_config": []
          },
          "sensitive_attributes": [
            [
              {
                "type": "get_attr",
                "value": "master_auth"
              },
              {
                "type": "index",
                "value": {
                  "value": 0,
                  "type": "number"
                }
              },
              {
                "type": "get_attr",
                "value": "client_key"
              }
            ]
          ],
          "private": "eyJlMmJmYjczMC1lY2FhLTExZTYtOGY4OC0zNDM2M2JjN2M0YzAiOnsiY3JlYXRlIjoyNDAwMDAwMDAwMDAwLCJkZWxldGUiOjI0MDAwMDAwMDAwMDAsInJlYWQiOjI0MDAwMDAwMDAwMDAsInVwZGF0ZSI6MzYwMDAwMDAwMDAwMH0sInNjaGVtYV92ZXJzaW9uIjoiMSJ9"
        }
      ]
    },
    {
      "mode": "managed",
      "type": "google_container_node_pool",
      "name": "backend-service",
      "provider": "provider[\"registry.terraform.io/hashicorp/google\"]",
      "instances": [
        {
          "schema_version": 1,
          "attributes": {
            "autoscaling": [
              {
                "location_policy": "BALANCED",
                "max_node_count": 3,
                "min_node_count": 1,
                "total_max_node_count": 0,
                "total_min_node_count": 0
              }
            ],
            "cluster": "savvy-ceiling-446122-d5-gke",
            "id": "projects/savvy-ceiling-446122-d5/locations/asia-southeast1-a/clusters/savvy-ceiling-446122-d5-gke/nodePools/savvy-ceiling-446122-d5-compute-pool",
            "initial_node_count": 1,
            "instance_group_urls": [
              "https://www.googleapis.com/compute/v1/projects/savvy-ceiling-446122-d5/zones/asia-southeast1-a/instanceGroupManagers/gke-savvy-ceiling-44-savvy-ceiling-44-f53a956d-grp"
            ],
            "location": "asia-southeast1-a",
            "managed_instance_group_urls": [
              "https://www.googleapis.com/compute/v1/projects/savvy-ceiling-446122-d5/zones/asia-southeast1-a/instanceGroups/gke-savvy-ceiling-44-savvy-ceiling-44-f53a956d-grp"
            ],
            "management": [
              {
                "auto_repair": true,
                "auto_upgrade": true
              }
            ],
            "max_pods_per_node": null,
            "name": "savvy-ceiling-446122-d5-compute-pool",
            "name_prefix": "",
            "network_config": [],
            "node_config": [
              {
                "advanced_machine_features": [],
                "boot_disk_kms_key": "",
                "disk_size_gb": 100,
                "disk_type": "pd-balanced",
                "ephemeral_storage_local_ssd_config": [],
                "gcfs_config": [],
                "guest_accelerator": [],
                "gvnic": [],
                "host_maintenance_policy": [],
                "image_type": "COS_CONTAINERD",
                "kubelet_config": [
                  {
                    "cpu_cfs_quota": false,
                    "cpu_cfs_quota_period": "",
                    "cpu_manager_policy": "",
                    "pod_pids_limit": 0
                  }
                ],
                "labels": {
                  "workload": "compute-heavy"
                },
                "linux_node_config": [],
                "local_nvme_ssd_block_config": [],
                "local_ssd_count": 0,
                "logging_variant": "DEFAULT",
                "machine_type": "n1-standard-4",
                "metadata": {
                  "disable-legacy-endpoints": "true"
                },
                "min_cpu_platform": "",
                "node_group": "",
                "oauth_scopes": [
                  "https://www.googleapis.com/auth/devstorage.read_only",
                  "https://www.googleapis.com/auth/logging.write",
                  "https://www.googleapis.com/auth/monitoring",
                  "https://www.googleapis.com/auth/service.management.readonly",
                  "https://www.googleapis.com/auth/servicecontrol",
                  "https://www.googleapis.com/auth/trace.append"
                ],
                "preemptible": false,
                "reservation_affinity": [],
                "resource_labels": null,
                "service_account": "default",
                "shielded_instance_config": [
                  {
                    "enable_integrity_monitoring": true,
                    "enable_secure_boot": false
                  }
                ],
                "sole_tenant_config": [],
                "spot": false,
                "tags": null,
                "taint": [],
                "workload_metadata_config": []
              }
            ],
            "node_count": 1,
            "node_locations": [
              "asia-southeast1-a"
            ],
            "operation": null,
            "placement_policy": [],
            "project": "savvy-ceiling-446122-d5",
            "timeouts": null,
            "upgrade_settings": [
              {
                "blue_green_settings": [],
                "max_surge": 1,
                "max_unavailable": 0,
                "strategy": "SURGE"
              }
            ],
            "version": "1.30.6-gke.1125000"
          },
          "sensitive_attributes": [],
          "private": "eyJlMmJmYjczMC1lY2FhLTExZTYtOGY4OC0zNDM2M2JjN2M0YzAiOnsiY3JlYXRlIjoxODAwMDAwMDAwMDAwLCJkZWxldGUiOjE4MDAwMDAwMDAwMDAsInVwZGF0ZSI6MTgwMDAwMDAwMDAwMH0sInNjaGVtYV92ZXJzaW9uIjoiMSJ9",
          "dependencies": [
            "google_container_cluster.primary"
          ]
        }
      ]
    },
    {
      "mode": "managed",
      "type": "google_container_node_pool",
      "name": "frontend",
      "provider": "provider[\"registry.terraform.io/hashicorp/google\"]",
      "instances": [
        {
          "schema_version": 1,
          "attributes": {
            "autoscaling": [
              {
                "location_policy": "ANY",
                "max_node_count": 3,
                "min_node_count": 1,
                "total_max_node_count": 0,
                "total_min_node_count": 0
              }
            ],
            "cluster": "savvy-ceiling-446122-d5-gke",
            "id": "projects/savvy-ceiling-446122-d5/locations/asia-southeast1-a/clusters/savvy-ceiling-446122-d5-gke/nodePools/savvy-ceiling-446122-d5-frontend-pool",
            "initial_node_count": 1,
            "instance_group_urls": [
              "https://www.googleapis.com/compute/v1/projects/savvy-ceiling-446122-d5/zones/asia-southeast1-a/instanceGroupManagers/gke-savvy-ceiling-44-savvy-ceiling-44-b1a3fe8d-grp"
            ],
            "location": "asia-southeast1-a",
            "managed_instance_group_urls": [
              "https://www.googleapis.com/compute/v1/projects/savvy-ceiling-446122-d5/zones/asia-southeast1-a/instanceGroups/gke-savvy-ceiling-44-savvy-ceiling-44-b1a3fe8d-grp"
            ],
            "management": [
              {
                "auto_repair": true,
                "auto_upgrade": true
              }
            ],
            "max_pods_per_node": null,
            "name": "savvy-ceiling-446122-d5-frontend-pool",
            "name_prefix": "",
            "network_config": [],
            "node_config": [
              {
                "advanced_machine_features": [],
                "boot_disk_kms_key": "",
                "disk_size_gb": 40,
                "disk_type": "pd-balanced",
                "ephemeral_storage_local_ssd_config": [],
                "gcfs_config": [],
                "guest_accelerator": [],
                "gvnic": [],
                "host_maintenance_policy": [],
                "image_type": "COS_CONTAINERD",
                "kubelet_config": [
                  {
                    "cpu_cfs_quota": false,
                    "cpu_cfs_quota_period": "",
                    "cpu_manager_policy": "",
                    "pod_pids_limit": 0
                  }
                ],
                "labels": {
                  "workload": "frontend"
                },
                "linux_node_config": [],
                "local_nvme_ssd_block_config": [],
                "local_ssd_count": 0,
                "logging_variant": "DEFAULT",
                "machine_type": "e2-medium",
                "metadata": {
                  "disable-legacy-endpoints": "true"
                },
                "min_cpu_platform": "",
                "node_group": "",
                "oauth_scopes": [
                  "https://www.googleapis.com/auth/devstorage.read_only",
                  "https://www.googleapis.com/auth/logging.write",
                  "https://www.googleapis.com/auth/monitoring",
                  "https://www.googleapis.com/auth/service.management.readonly",
                  "https://www.googleapis.com/auth/servicecontrol",
                  "https://www.googleapis.com/auth/trace.append"
                ],
                "preemptible": true,
                "reservation_affinity": [],
                "resource_labels": null,
                "service_account": "default",
                "shielded_instance_config": [
                  {
                    "enable_integrity_monitoring": true,
                    "enable_secure_boot": false
                  }
                ],
                "sole_tenant_config": [],
                "spot": false,
                "tags": null,
                "taint": [],
                "workload_metadata_config": []
              }
            ],
            "node_count": 1,
            "node_locations": [
              "asia-southeast1-a"
            ],
            "operation": null,
            "placement_policy": [],
            "project": "savvy-ceiling-446122-d5",
            "timeouts": null,
            "upgrade_settings": [
              {
                "blue_green_settings": [],
                "max_surge": 1,
                "max_unavailable": 0,
                "strategy": "SURGE"
              }
            ],
            "version": "1.30.6-gke.1125000"
          },
          "sensitive_attributes": [],
          "private": "eyJlMmJmYjczMC1lY2FhLTExZTYtOGY4OC0zNDM2M2JjN2M0YzAiOnsiY3JlYXRlIjoxODAwMDAwMDAwMDAwLCJkZWxldGUiOjE4MDAwMDAwMDAwMDAsInVwZGF0ZSI6MTgwMDAwMDAwMDAwMH0sInNjaGVtYV92ZXJzaW9uIjoiMSJ9",
          "dependencies": [
            "google_container_cluster.primary"
          ]
        }
      ]
    },
    {
      "mode": "managed",
      "type": "google_container_node_pool",
      "name": "system_services",
      "provider": "provider[\"registry.terraform.io/hashicorp/google\"]",
      "instances": [
        {
          "schema_version": 1,
          "attributes": {
            "autoscaling": [
              {
                "location_policy": "BALANCED",
                "max_node_count": 3,
                "min_node_count": 1,
                "total_max_node_count": 0,
                "total_min_node_count": 0
              }
            ],
            "cluster": "savvy-ceiling-446122-d5-gke",
            "id": "projects/savvy-ceiling-446122-d5/locations/asia-southeast1-a/clusters/savvy-ceiling-446122-d5-gke/nodePools/savvy-ceiling-446122-d5-system-pool",
            "initial_node_count": 1,
            "instance_group_urls": [
              "https://www.googleapis.com/compute/v1/projects/savvy-ceiling-446122-d5/zones/asia-southeast1-a/instanceGroupManagers/gke-savvy-ceiling-44-savvy-ceiling-44-0d841202-grp"
            ],
            "location": "asia-southeast1-a",
            "managed_instance_group_urls": [
              "https://www.googleapis.com/compute/v1/projects/savvy-ceiling-446122-d5/zones/asia-southeast1-a/instanceGroups/gke-savvy-ceiling-44-savvy-ceiling-44-0d841202-grp"
            ],
            "management": [
              {
                "auto_repair": true,
                "auto_upgrade": true
              }
            ],
            "max_pods_per_node": null,
            "name": "savvy-ceiling-446122-d5-system-pool",
            "name_prefix": "",
            "network_config": [],
            "node_config": [
              {
                "advanced_machine_features": [],
                "boot_disk_kms_key": "",
                "disk_size_gb": 50,
                "disk_type": "pd-balanced",
                "ephemeral_storage_local_ssd_config": [],
                "gcfs_config": [],
                "guest_accelerator": [],
                "gvnic": [],
                "host_maintenance_policy": [],
                "image_type": "COS_CONTAINERD",
                "kubelet_config": [
                  {
                    "cpu_cfs_quota": false,
                    "cpu_cfs_quota_period": "",
                    "cpu_manager_policy": "",
                    "pod_pids_limit": 0
                  }
                ],
                "labels": {
                  "workload": "system-services"
                },
                "linux_node_config": [],
                "local_nvme_ssd_block_config": [],
                "local_ssd_count": 0,
                "logging_variant": "DEFAULT",
                "machine_type": "e2-standard-2",
                "metadata": {
                  "disable-legacy-endpoints": "true"
                },
                "min_cpu_platform": "",
                "node_group": "",
                "oauth_scopes": [
                  "https://www.googleapis.com/auth/devstorage.read_only",
                  "https://www.googleapis.com/auth/logging.write",
                  "https://www.googleapis.com/auth/monitoring",
                  "https://www.googleapis.com/auth/service.management.readonly",
                  "https://www.googleapis.com/auth/servicecontrol",
                  "https://www.googleapis.com/auth/trace.append"
                ],
                "preemptible": false,
                "reservation_affinity": [],
                "resource_labels": null,
                "service_account": "default",
                "shielded_instance_config": [
                  {
                    "enable_integrity_monitoring": true,
                    "enable_secure_boot": false
                  }
                ],
                "sole_tenant_config": [],
                "spot": false,
                "tags": null,
                "taint": [],
                "workload_metadata_config": []
              }
            ],
            "node_count": 1,
            "node_locations": [
              "asia-southeast1-a"
            ],
            "operation": null,
            "placement_policy": [],
            "project": "savvy-ceiling-446122-d5",
            "timeouts": null,
            "upgrade_settings": [
              {
                "blue_green_settings": [],
                "max_surge": 1,
                "max_unavailable": 0,
                "strategy": "SURGE"
              }
            ],
            "version": "1.30.6-gke.1125000"
          },
          "sensitive_attributes": [],
          "private": "eyJlMmJmYjczMC1lY2FhLTExZTYtOGY4OC0zNDM2M2JjN2M0YzAiOnsiY3JlYXRlIjoxODAwMDAwMDAwMDAwLCJkZWxldGUiOjE4MDAwMDAwMDAwMDAsInVwZGF0ZSI6MTgwMDAwMDAwMDAwMH0sInNjaGVtYV92ZXJzaW9uIjoiMSJ9",
          "dependencies": [
            "google_container_cluster.primary"
          ]
        }
      ]
    }
  ],
  "check_results": null
}
