{
  "version": 4,
  "terraform_version": "1.9.2",
  "serial": 7,
  "lineage": "c9b956ff-bbd2-6925-37dd-5e4ddf2d9b4f",
  "outputs": {
    "kubernetes_cluster_ca_certificate": {
      "value": "LS0tLS1CRUdJTiBDRVJUSUZJQ0FURS0tLS0tCk1JSUVMRENDQXBTZ0F3SUJBZ0lRUnVqMFBFSjgyMVhHM3JRN0JFeVFJakFOQmdrcWhraUc5dzBCQVFzRkFEQXYKTVMwd0t3WURWUVFERXlSaU1tUm1OMkZsWmkxbU56WXhMVFE0T0RJdE9EUmlZaTA0TUdGa1pHSmpNR1kwTkdJdwpJQmNOTWpVd01URTJNVFl3TURRMldoZ1BNakExTlRBeE1Ea3hOekF3TkRaYU1DOHhMVEFyQmdOVkJBTVRKR0l5ClpHWTNZV1ZtTFdZM05qRXRORGc0TWkwNE5HSmlMVGd3WVdSa1ltTXdaalEwWWpDQ0FhSXdEUVlKS29aSWh2Y04KQVFFQkJRQURnZ0dQQURDQ0FZb0NnZ0dCQUtNbXUwZjdkanNvU1Nudlo5dkVGTFNQYTdEZ2tDR3hsNXMxbGN4WQpRYytaVHBQN3VTVDlhY0V0Q25HY1RRY0MxMmJhQ3ZMcmRrNlYveHprSFhwU0lKNTFPQXMrRGQzcXJQeG9ueFppCkRBR0hhblhUaHhjWU43U0hZM1Z4Mk5xTWZ5MDgrbEQ0T0U0ZmxhQVZJT1l3QWZ1eFNNWDNQRWNYMlY3QVltRm8KbCtRYWpPcmd6SUt1ZUpHUzVSYnRUUjJlTGl3cjRFM2taY3lsRC8vM3g4bFUrV2wzWE04SmVWTlhhanoyUUtMUAo5WC9yMFU4WjhVYjc2c2RMdDlwMTdXU0RJRUFBMGU3VmZJbnBJNWtDTUZMQU50UndzVW50K2o1T3V2anNISWtwCmZlQ2RWRzRTMFY1ZVRFWlMvdE1VU2NKaXM5K1B1UjN0U2VxaHJFRUhpMTFFanFpdlczY2wrdnVZakc4cW1UcGEKcENOdUh2dFBVRjRTSGRVRUcwek1JazRlT1JDak9iTEh6U0RVTExGSHNXeHM0Um1PM1M5Zk8rQ21uRFRxRml2QgpicXNJYm5FbHhxOXE5MXcxdjNoZTJpdjgzdk5sR2xHeWVUeWswYVZYZkwvdGNFWGhNbG1aT3JFVTllNi81eXAvClgxK2I3alV4NVpMTWpxSVRIV0NLS1VTeTd3SURBUUFCbzBJd1FEQU9CZ05WSFE4QkFmOEVCQU1DQWdRd0R3WUQKVlIwVEFRSC9CQVV3QXdFQi96QWRCZ05WSFE0RUZnUVVPMUZiN0wxLzZMcFF2eHpIenpmSnhMclo5dHN3RFFZSgpLb1pJaHZjTkFRRUxCUUFEZ2dHQkFGbU9BS21uV0lWaS9FZUh5L1M5WVFDQ1pHSitON1YvSGJCSDkxKzdHb1JmCmlVZVI3QXVDTTNLRDhYMUJSQVR5UEpETG5DUEI0V3EyVUdzTjhpV2k3akoyK0ljSUp5UUpJVjFqdTJMVUFNR0gKaGI1MjZxQ1owSlpPWlBaK2Ixem0vSmxaSVExbS94SXhYWVdaWU1KcndLMUxqN1d3WDBWMURrNzVQZy9Kc0VwZgozWkFJZ25idFY3Q3VSZkVhcWdGNmpIN3h5YkdWSWRsWVRwVWpYQjJJb1JXQjBwalF1MWUrYW54MmorS1NZMkpxCnQydWhiRThzWVBrMGhsbE1FVDFDMnVtSE9yM0sxWk1pWEhENG41RWp4U21XL3VzQ0ZpZUNXbHlld2dFMlFNOTAKYTZFblM4QjJ0UHhyQ2JKdHBTTWdzRHdOZTA0YVNmMGhONEVFZTF4RFAzSFlobmJRdlZqY2hLMjRPMkNlWlpXKwpZR1F2MGY2VWl2NENjT2FQZ3lOT01xWGY4U2hRcEJQTnNlT0l2OHhEZVRpS3BzL09pNVhFKzU5Q3ZQS0FhU2JDCkdheWl5a0tyMDhLUzl3TE1XcjQ4dXlVekdIc1BybENUN0VEQXU0SFkvSG00NFpPYm10RFQwSjdqYm10V0RTbGYKb3VJSERzOFJrUDUxNnN5UjNhOEdjdz09Ci0tLS0tRU5EIENFUlRJRklDQVRFLS0tLS0K",
      "type": "string"
    },
    "kubernetes_cluster_endpoint": {
      "value": "34.124.204.164",
      "type": "string"
    },
    "kubernetes_cluster_name": {
      "value": "savvy-ceiling-446122-d5-gke",
      "type": "string"
    }
  },
  "resources": [
    {
      "mode": "managed",
      "type": "google_container_cluster",
      "name": "primary",
      "provider": "provider[\"registry.terraform.io/hashicorp/google\"]",
      "instances": [
        {
          "schema_version": 1,
          "attributes": {
            "addons_config": [
              {
                "cloudrun_config": [],
                "config_connector_config": [],
                "dns_cache_config": [],
                "gce_persistent_disk_csi_driver_config": [
                  {
                    "enabled": true
                  }
                ],
                "gcp_filestore_csi_driver_config": [],
                "gcs_fuse_csi_driver_config": [],
                "gke_backup_agent_config": [],
                "horizontal_pod_autoscaling": [],
                "http_load_balancing": [],
                "network_policy_config": [
                  {
                    "disabled": true
                  }
                ]
              }
            ],
            "allow_net_admin": null,
            "authenticator_groups_config": [],
            "binary_authorization": [
              {
                "enabled": false,
                "evaluation_mode": ""
              }
            ],
            "cluster_autoscaling": [
              {
                "auto_provisioning_defaults": [],
                "enabled": false,
                "resource_limits": []
              }
            ],
            "cluster_ipv4_cidr": "10.0.0.0/14",
            "confidential_nodes": [],
            "cost_management_config": [],
            "database_encryption": [
              {
                "key_name": "",
                "state": "DECRYPTED"
              }
            ],
            "datapath_provider": "",
            "default_max_pods_per_node": null,
            "default_snat_status": [
              {
                "disabled": false
              }
            ],
            "description": "",
            "dns_config": [],
            "enable_autopilot": false,
            "enable_binary_authorization": false,
            "enable_intranode_visibility": false,
            "enable_k8s_beta_apis": [],
            "enable_kubernetes_alpha": false,
            "enable_l4_ilb_subsetting": false,
            "enable_legacy_abac": false,
            "enable_shielded_nodes": true,
            "enable_tpu": false,
            "endpoint": "34.124.204.164",
            "gateway_api_config": [],
            "id": "projects/savvy-ceiling-446122-d5/locations/asia-southeast1-a/clusters/savvy-ceiling-446122-d5-gke",
            "initial_node_count": 1,
            "ip_allocation_policy": [],
            "label_fingerprint": "a9dc16a7",
            "location": "asia-southeast1-a",
            "logging_config": [
              {
                "enable_components": [
                  "SYSTEM_COMPONENTS",
                  "WORKLOADS"
                ]
              }
            ],
            "logging_service": "logging.googleapis.com/kubernetes",
            "maintenance_policy": [],
            "master_auth": [
              {
                "client_certificate": "",
                "client_certificate_config": [
                  {
                    "issue_client_certificate": false
                  }
                ],
                "client_key": "",
                "cluster_ca_certificate": "LS0tLS1CRUdJTiBDRVJUSUZJQ0FURS0tLS0tCk1JSUVMRENDQXBTZ0F3SUJBZ0lRUnVqMFBFSjgyMVhHM3JRN0JFeVFJakFOQmdrcWhraUc5dzBCQVFzRkFEQXYKTVMwd0t3WURWUVFERXlSaU1tUm1OMkZsWmkxbU56WXhMVFE0T0RJdE9EUmlZaTA0TUdGa1pHSmpNR1kwTkdJdwpJQmNOTWpVd01URTJNVFl3TURRMldoZ1BNakExTlRBeE1Ea3hOekF3TkRaYU1DOHhMVEFyQmdOVkJBTVRKR0l5ClpHWTNZV1ZtTFdZM05qRXRORGc0TWkwNE5HSmlMVGd3WVdSa1ltTXdaalEwWWpDQ0FhSXdEUVlKS29aSWh2Y04KQVFFQkJRQURnZ0dQQURDQ0FZb0NnZ0dCQUtNbXUwZjdkanNvU1Nudlo5dkVGTFNQYTdEZ2tDR3hsNXMxbGN4WQpRYytaVHBQN3VTVDlhY0V0Q25HY1RRY0MxMmJhQ3ZMcmRrNlYveHprSFhwU0lKNTFPQXMrRGQzcXJQeG9ueFppCkRBR0hhblhUaHhjWU43U0hZM1Z4Mk5xTWZ5MDgrbEQ0T0U0ZmxhQVZJT1l3QWZ1eFNNWDNQRWNYMlY3QVltRm8KbCtRYWpPcmd6SUt1ZUpHUzVSYnRUUjJlTGl3cjRFM2taY3lsRC8vM3g4bFUrV2wzWE04SmVWTlhhanoyUUtMUAo5WC9yMFU4WjhVYjc2c2RMdDlwMTdXU0RJRUFBMGU3VmZJbnBJNWtDTUZMQU50UndzVW50K2o1T3V2anNISWtwCmZlQ2RWRzRTMFY1ZVRFWlMvdE1VU2NKaXM5K1B1UjN0U2VxaHJFRUhpMTFFanFpdlczY2wrdnVZakc4cW1UcGEKcENOdUh2dFBVRjRTSGRVRUcwek1JazRlT1JDak9iTEh6U0RVTExGSHNXeHM0Um1PM1M5Zk8rQ21uRFRxRml2QgpicXNJYm5FbHhxOXE5MXcxdjNoZTJpdjgzdk5sR2xHeWVUeWswYVZYZkwvdGNFWGhNbG1aT3JFVTllNi81eXAvClgxK2I3alV4NVpMTWpxSVRIV0NLS1VTeTd3SURBUUFCbzBJd1FEQU9CZ05WSFE4QkFmOEVCQU1DQWdRd0R3WUQKVlIwVEFRSC9CQVV3QXdFQi96QWRCZ05WSFE0RUZnUVVPMUZiN0wxLzZMcFF2eHpIenpmSnhMclo5dHN3RFFZSgpLb1pJaHZjTkFRRUxCUUFEZ2dHQkFGbU9BS21uV0lWaS9FZUh5L1M5WVFDQ1pHSitON1YvSGJCSDkxKzdHb1JmCmlVZVI3QXVDTTNLRDhYMUJSQVR5UEpETG5DUEI0V3EyVUdzTjhpV2k3akoyK0ljSUp5UUpJVjFqdTJMVUFNR0gKaGI1MjZxQ1owSlpPWlBaK2Ixem0vSmxaSVExbS94SXhYWVdaWU1KcndLMUxqN1d3WDBWMURrNzVQZy9Kc0VwZgozWkFJZ25idFY3Q3VSZkVhcWdGNmpIN3h5YkdWSWRsWVRwVWpYQjJJb1JXQjBwalF1MWUrYW54MmorS1NZMkpxCnQydWhiRThzWVBrMGhsbE1FVDFDMnVtSE9yM0sxWk1pWEhENG41RWp4U21XL3VzQ0ZpZUNXbHlld2dFMlFNOTAKYTZFblM4QjJ0UHhyQ2JKdHBTTWdzRHdOZTA0YVNmMGhONEVFZTF4RFAzSFlobmJRdlZqY2hLMjRPMkNlWlpXKwpZR1F2MGY2VWl2NENjT2FQZ3lOT01xWGY4U2hRcEJQTnNlT0l2OHhEZVRpS3BzL09pNVhFKzU5Q3ZQS0FhU2JDCkdheWl5a0tyMDhLUzl3TE1XcjQ4dXlVekdIc1BybENUN0VEQXU0SFkvSG00NFpPYm10RFQwSjdqYm10V0RTbGYKb3VJSERzOFJrUDUxNnN5UjNhOEdjdz09Ci0tLS0tRU5EIENFUlRJRklDQVRFLS0tLS0K"
              }
            ],
            "master_authorized_networks_config": [],
            "master_version": "1.30.6-gke.1596000",
            "mesh_certificates": [],
            "min_master_version": null,
            "monitoring_config": [
              {
                "advanced_datapath_observability_config": [
                  {
                    "enable_metrics": false,
                    "relay_mode": ""
                  }
                ],
                "enable_components": [
                  "SYSTEM_COMPONENTS",
                  "DAEMONSET",
                  "DEPLOYMENT",
                  "STATEFULSET",
                  "STORAGE",
                  "HPA",
                  "POD",
                  "CADVISOR",
                  "KUBELET"
                ],
                "managed_prometheus": [
                  {
                    "enabled": true
                  }
                ]
              }
            ],
            "monitoring_service": "monitoring.googleapis.com/kubernetes",
            "name": "savvy-ceiling-446122-d5-gke",
            "network": "projects/savvy-ceiling-446122-d5/global/networks/default",
            "network_policy": [
              {
                "enabled": false,
                "provider": "PROVIDER_UNSPECIFIED"
              }
            ],
            "networking_mode": "ROUTES",
            "node_config": [],
            "node_locations": [],
            "node_pool": [],
            "node_pool_defaults": [
              {
                "node_config_defaults": [
                  {
                    "logging_variant": "DEFAULT"
                  }
                ]
              }
            ],
            "node_version": "1.30.6-gke.1596000",
            "notification_config": [
              {
                "pubsub": [
                  {
                    "enabled": false,
                    "filter": [],
                    "topic": ""
                  }
                ]
              }
            ],
            "operation": null,
            "private_cluster_config": [
              {
                "enable_private_endpoint": false,
                "enable_private_nodes": false,
                "master_global_access_config": [
                  {
                    "enabled": false
                  }
                ],
                "master_ipv4_cidr_block": "",
                "peering_name": "",
                "private_endpoint": "10.148.0.24",
                "private_endpoint_subnetwork": "",
                "public_endpoint": "34.124.204.164"
              }
            ],
            "private_ipv6_google_access": "",
            "project": "savvy-ceiling-446122-d5",
            "release_channel": [
              {
                "channel": "REGULAR"
              }
            ],
            "remove_default_node_pool": true,
            "resource_labels": null,
            "resource_usage_export_config": [],
            "security_posture_config": [
              {
                "mode": "BASIC",
                "vulnerability_mode": "VULNERABILITY_MODE_UNSPECIFIED"
              }
            ],
            "self_link": "https://container.googleapis.com/v1/projects/savvy-ceiling-446122-d5/zones/asia-southeast1-a/clusters/savvy-ceiling-446122-d5-gke",
            "service_external_ips_config": [
              {
                "enabled": false
              }
            ],
            "services_ipv4_cidr": "10.3.240.0/20",
            "subnetwork": "projects/savvy-ceiling-446122-d5/regions/asia-southeast1/subnetworks/default",
            "timeouts": null,
            "tpu_ipv4_cidr_block": "",
            "vertical_pod_autoscaling": [],
            "workload_identity_config": []
          },
          "sensitive_attributes": [
            [
              {
                "type": "get_attr",
                "value": "master_auth"
              },
              {
                "type": "index",
                "value": {
                  "value": 0,
                  "type": "number"
                }
              },
              {
                "type": "get_attr",
                "value": "client_key"
              }
            ]
          ],
          "private": "eyJlMmJmYjczMC1lY2FhLTExZTYtOGY4OC0zNDM2M2JjN2M0YzAiOnsiY3JlYXRlIjoyNDAwMDAwMDAwMDAwLCJkZWxldGUiOjI0MDAwMDAwMDAwMDAsInJlYWQiOjI0MDAwMDAwMDAwMDAsInVwZGF0ZSI6MzYwMDAwMDAwMDAwMH0sInNjaGVtYV92ZXJzaW9uIjoiMSJ9"
        }
      ]
    },
    {
      "mode": "managed",
      "type": "google_container_node_pool",
      "name": "backend_chat",
      "provider": "provider[\"registry.terraform.io/hashicorp/google\"]",
      "instances": [
        {
          "status": "tainted",
          "schema_version": 1,
          "attributes": {
            "autoscaling": [
              {
                "location_policy": "",
                "max_node_count": 3,
                "min_node_count": 1,
                "total_max_node_count": 0,
                "total_min_node_count": 0
              }
            ],
            "cluster": "savvy-ceiling-446122-d5-gke",
            "id": "projects/savvy-ceiling-446122-d5/locations/asia-southeast1-a/clusters/savvy-ceiling-446122-d5-gke/nodePools/savvy-ceiling-446122-d5-backend-chat-pool",
            "initial_node_count": null,
            "instance_group_urls": null,
            "location": "asia-southeast1-a",
            "managed_instance_group_urls": null,
            "management": null,
            "max_pods_per_node": null,
            "name": "savvy-ceiling-446122-d5-backend-chat-pool",
            "name_prefix": null,
            "network_config": null,
            "node_config": [
              {
                "advanced_machine_features": [],
                "boot_disk_kms_key": "",
                "disk_size_gb": 100,
                "disk_type": "",
                "ephemeral_storage_local_ssd_config": [],
                "gcfs_config": [],
                "guest_accelerator": [],
                "gvnic": [],
                "host_maintenance_policy": [],
                "image_type": "",
                "kubelet_config": [],
                "labels": {
                  "workload": "backend-chat"
                },
                "linux_node_config": [],
                "local_nvme_ssd_block_config": [],
                "local_ssd_count": 0,
                "logging_variant": "DEFAULT",
                "machine_type": "n1-standard-4",
                "metadata": {},
                "min_cpu_platform": "",
                "node_group": "",
                "oauth_scopes": [],
                "preemptible": false,
                "reservation_affinity": [],
                "resource_labels": null,
                "service_account": "",
                "shielded_instance_config": [],
                "sole_tenant_config": [],
                "spot": false,
                "tags": null,
                "taint": [],
                "workload_metadata_config": []
              }
            ],
            "node_count": 1,
            "node_locations": [],
            "operation": null,
            "placement_policy": [],
            "project": null,
            "timeouts": null,
            "upgrade_settings": null,
            "version": null
          },
          "sensitive_attributes": [],
          "private": "eyJlMmJmYjczMC1lY2FhLTExZTYtOGY4OC0zNDM2M2JjN2M0YzAiOnsiY3JlYXRlIjoxODAwMDAwMDAwMDAwLCJkZWxldGUiOjE4MDAwMDAwMDAwMDAsInVwZGF0ZSI6MTgwMDAwMDAwMDAwMH0sInNjaGVtYV92ZXJzaW9uIjoiMSJ9",
          "dependencies": [
            "google_container_cluster.primary"
          ]
        }
      ]
    },
    {
      "mode": "managed",
      "type": "google_container_node_pool",
      "name": "backend_doc",
      "provider": "provider[\"registry.terraform.io/hashicorp/google\"]",
      "instances": [
        {
          "status": "tainted",
          "schema_version": 1,
          "attributes": {
            "autoscaling": [
              {
                "location_policy": "BALANCED",
                "max_node_count": 3,
                "min_node_count": 1,
                "total_max_node_count": 0,
                "total_min_node_count": 0
              }
            ],
            "cluster": "savvy-ceiling-446122-d5-gke",
            "id": "projects/savvy-ceiling-446122-d5/locations/asia-southeast1-a/clusters/savvy-ceiling-446122-d5-gke/nodePools/savvy-ceiling-446122-d5-backend-doc-pool",
            "initial_node_count": 1,
            "instance_group_urls": [
              "https://www.googleapis.com/compute/v1/projects/savvy-ceiling-446122-d5/zones/asia-southeast1-a/instanceGroupManagers/gke-savvy-ceiling-44-savvy-ceiling-44-e7ecee5a-grp"
            ],
            "location": "asia-southeast1-a",
            "managed_instance_group_urls": [
              "https://www.googleapis.com/compute/v1/projects/savvy-ceiling-446122-d5/zones/asia-southeast1-a/instanceGroups/gke-savvy-ceiling-44-savvy-ceiling-44-e7ecee5a-grp"
            ],
            "management": [
              {
                "auto_repair": true,
                "auto_upgrade": true
              }
            ],
            "max_pods_per_node": null,
            "name": "savvy-ceiling-446122-d5-backend-doc-pool",
            "name_prefix": "",
            "network_config": [],
            "node_config": [
              {
                "advanced_machine_features": [],
                "boot_disk_kms_key": "",
                "disk_size_gb": 100,
                "disk_type": "pd-balanced",
                "ephemeral_storage_local_ssd_config": [],
                "gcfs_config": [],
                "guest_accelerator": [],
                "gvnic": [],
                "host_maintenance_policy": [],
                "image_type": "COS_CONTAINERD",
                "kubelet_config": [
                  {
                    "cpu_cfs_quota": false,
                    "cpu_cfs_quota_period": "",
                    "cpu_manager_policy": "",
                    "pod_pids_limit": 0
                  }
                ],
                "labels": {
                  "workload": "backend-doc"
                },
                "linux_node_config": [],
                "local_nvme_ssd_block_config": [],
                "local_ssd_count": 0,
                "logging_variant": "DEFAULT",
                "machine_type": "n1-highmem-4",
                "metadata": {
                  "disable-legacy-endpoints": "true"
                },
                "min_cpu_platform": "",
                "node_group": "",
                "oauth_scopes": [
                  "https://www.googleapis.com/auth/devstorage.read_only",
                  "https://www.googleapis.com/auth/logging.write",
                  "https://www.googleapis.com/auth/monitoring",
                  "https://www.googleapis.com/auth/service.management.readonly",
                  "https://www.googleapis.com/auth/servicecontrol",
                  "https://www.googleapis.com/auth/trace.append"
                ],
                "preemptible": false,
                "reservation_affinity": [],
                "resource_labels": null,
                "service_account": "default",
                "shielded_instance_config": [
                  {
                    "enable_integrity_monitoring": true,
                    "enable_secure_boot": false
                  }
                ],
                "sole_tenant_config": [],
                "spot": false,
                "tags": null,
                "taint": [],
                "workload_metadata_config": []
              }
            ],
            "node_count": 1,
            "node_locations": [
              "asia-southeast1-a"
            ],
            "operation": null,
            "placement_policy": [],
            "project": "savvy-ceiling-446122-d5",
            "timeouts": null,
            "upgrade_settings": [
              {
                "blue_green_settings": [],
                "max_surge": 1,
                "max_unavailable": 0,
                "strategy": "SURGE"
              }
            ],
            "version": "1.30.6-gke.1596000"
          },
          "sensitive_attributes": [],
          "private": "eyJlMmJmYjczMC1lY2FhLTExZTYtOGY4OC0zNDM2M2JjN2M0YzAiOnsiY3JlYXRlIjoxODAwMDAwMDAwMDAwLCJkZWxldGUiOjE4MDAwMDAwMDAwMDAsInVwZGF0ZSI6MTgwMDAwMDAwMDAwMH0sInNjaGVtYV92ZXJzaW9uIjoiMSJ9",
          "dependencies": [
            "google_container_cluster.primary"
          ]
        }
      ]
    },
    {
      "mode": "managed",
      "type": "google_container_node_pool",
      "name": "cassandra",
      "provider": "provider[\"registry.terraform.io/hashicorp/google\"]",
      "instances": [
        {
          "status": "tainted",
          "schema_version": 1,
          "attributes": {
            "autoscaling": [
              {
                "location_policy": "BALANCED",
                "max_node_count": 3,
                "min_node_count": 1,
                "total_max_node_count": 0,
                "total_min_node_count": 0
              }
            ],
            "cluster": "savvy-ceiling-446122-d5-gke",
            "id": "projects/savvy-ceiling-446122-d5/locations/asia-southeast1-a/clusters/savvy-ceiling-446122-d5-gke/nodePools/savvy-ceiling-446122-d5-cassandra-pool",
            "initial_node_count": 1,
            "instance_group_urls": [
              "https://www.googleapis.com/compute/v1/projects/savvy-ceiling-446122-d5/zones/asia-southeast1-a/instanceGroupManagers/gke-savvy-ceiling-44-savvy-ceiling-44-386d6bde-grp"
            ],
            "location": "asia-southeast1-a",
            "managed_instance_group_urls": [
              "https://www.googleapis.com/compute/v1/projects/savvy-ceiling-446122-d5/zones/asia-southeast1-a/instanceGroups/gke-savvy-ceiling-44-savvy-ceiling-44-386d6bde-grp"
            ],
            "management": [
              {
                "auto_repair": true,
                "auto_upgrade": true
              }
            ],
            "max_pods_per_node": null,
            "name": "savvy-ceiling-446122-d5-cassandra-pool",
            "name_prefix": "",
            "network_config": [],
            "node_config": [
              {
                "advanced_machine_features": [],
                "boot_disk_kms_key": "",
                "disk_size_gb": 200,
                "disk_type": "pd-balanced",
                "ephemeral_storage_local_ssd_config": [],
                "gcfs_config": [],
                "guest_accelerator": [],
                "gvnic": [],
                "host_maintenance_policy": [],
                "image_type": "COS_CONTAINERD",
                "kubelet_config": [
                  {
                    "cpu_cfs_quota": false,
                    "cpu_cfs_quota_period": "",
                    "cpu_manager_policy": "",
                    "pod_pids_limit": 0
                  }
                ],
                "labels": {
                  "workload": "cassandra"
                },
                "linux_node_config": [],
                "local_nvme_ssd_block_config": [],
                "local_ssd_count": 0,
                "logging_variant": "DEFAULT",
                "machine_type": "n1-highmem-4",
                "metadata": {
                  "disable-legacy-endpoints": "true"
                },
                "min_cpu_platform": "",
                "node_group": "",
                "oauth_scopes": [
                  "https://www.googleapis.com/auth/devstorage.read_only",
                  "https://www.googleapis.com/auth/logging.write",
                  "https://www.googleapis.com/auth/monitoring",
                  "https://www.googleapis.com/auth/service.management.readonly",
                  "https://www.googleapis.com/auth/servicecontrol",
                  "https://www.googleapis.com/auth/trace.append"
                ],
                "preemptible": false,
                "reservation_affinity": [],
                "resource_labels": null,
                "service_account": "default",
                "shielded_instance_config": [
                  {
                    "enable_integrity_monitoring": true,
                    "enable_secure_boot": false
                  }
                ],
                "sole_tenant_config": [],
                "spot": false,
                "tags": null,
                "taint": [],
                "workload_metadata_config": []
              }
            ],
            "node_count": 1,
            "node_locations": [
              "asia-southeast1-a"
            ],
            "operation": null,
            "placement_policy": [],
            "project": "savvy-ceiling-446122-d5",
            "timeouts": null,
            "upgrade_settings": [
              {
                "blue_green_settings": [],
                "max_surge": 1,
                "max_unavailable": 0,
                "strategy": "SURGE"
              }
            ],
            "version": "1.30.6-gke.1596000"
          },
          "sensitive_attributes": [],
          "private": "eyJlMmJmYjczMC1lY2FhLTExZTYtOGY4OC0zNDM2M2JjN2M0YzAiOnsiY3JlYXRlIjoxODAwMDAwMDAwMDAwLCJkZWxldGUiOjE4MDAwMDAwMDAwMDAsInVwZGF0ZSI6MTgwMDAwMDAwMDAwMH0sInNjaGVtYV92ZXJzaW9uIjoiMSJ9",
          "dependencies": [
            "google_container_cluster.primary"
          ]
        }
      ]
    },
    {
      "mode": "managed",
      "type": "google_container_node_pool",
      "name": "frontend",
      "provider": "provider[\"registry.terraform.io/hashicorp/google\"]",
      "instances": [
        {
          "schema_version": 1,
          "attributes": {
            "autoscaling": [
              {
                "location_policy": "ANY",
                "max_node_count": 3,
                "min_node_count": 1,
                "total_max_node_count": 0,
                "total_min_node_count": 0
              }
            ],
            "cluster": "savvy-ceiling-446122-d5-gke",
            "id": "projects/savvy-ceiling-446122-d5/locations/asia-southeast1-a/clusters/savvy-ceiling-446122-d5-gke/nodePools/savvy-ceiling-446122-d5-frontend-pool",
            "initial_node_count": 1,
            "instance_group_urls": [
              "https://www.googleapis.com/compute/v1/projects/savvy-ceiling-446122-d5/zones/asia-southeast1-a/instanceGroupManagers/gke-savvy-ceiling-44-savvy-ceiling-44-5aef4daf-grp"
            ],
            "location": "asia-southeast1-a",
            "managed_instance_group_urls": [
              "https://www.googleapis.com/compute/v1/projects/savvy-ceiling-446122-d5/zones/asia-southeast1-a/instanceGroups/gke-savvy-ceiling-44-savvy-ceiling-44-5aef4daf-grp"
            ],
            "management": [
              {
                "auto_repair": true,
                "auto_upgrade": true
              }
            ],
            "max_pods_per_node": null,
            "name": "savvy-ceiling-446122-d5-frontend-pool",
            "name_prefix": "",
            "network_config": [],
            "node_config": [
              {
                "advanced_machine_features": [],
                "boot_disk_kms_key": "",
                "disk_size_gb": 40,
                "disk_type": "pd-balanced",
                "ephemeral_storage_local_ssd_config": [],
                "gcfs_config": [],
                "guest_accelerator": [],
                "gvnic": [],
                "host_maintenance_policy": [],
                "image_type": "COS_CONTAINERD",
                "kubelet_config": [
                  {
                    "cpu_cfs_quota": false,
                    "cpu_cfs_quota_period": "",
                    "cpu_manager_policy": "",
                    "pod_pids_limit": 0
                  }
                ],
                "labels": {
                  "workload": "frontend"
                },
                "linux_node_config": [],
                "local_nvme_ssd_block_config": [],
                "local_ssd_count": 0,
                "logging_variant": "DEFAULT",
                "machine_type": "e2-medium",
                "metadata": {
                  "disable-legacy-endpoints": "true"
                },
                "min_cpu_platform": "",
                "node_group": "",
                "oauth_scopes": [
                  "https://www.googleapis.com/auth/devstorage.read_only",
                  "https://www.googleapis.com/auth/logging.write",
                  "https://www.googleapis.com/auth/monitoring",
                  "https://www.googleapis.com/auth/service.management.readonly",
                  "https://www.googleapis.com/auth/servicecontrol",
                  "https://www.googleapis.com/auth/trace.append"
                ],
                "preemptible": true,
                "reservation_affinity": [],
                "resource_labels": null,
                "service_account": "default",
                "shielded_instance_config": [
                  {
                    "enable_integrity_monitoring": true,
                    "enable_secure_boot": false
                  }
                ],
                "sole_tenant_config": [],
                "spot": false,
                "tags": null,
                "taint": [],
                "workload_metadata_config": []
              }
            ],
            "node_count": 1,
            "node_locations": [
              "asia-southeast1-a"
            ],
            "operation": null,
            "placement_policy": [],
            "project": "savvy-ceiling-446122-d5",
            "timeouts": null,
            "upgrade_settings": [
              {
                "blue_green_settings": [],
                "max_surge": 1,
                "max_unavailable": 0,
                "strategy": "SURGE"
              }
            ],
            "version": "1.30.6-gke.1596000"
          },
          "sensitive_attributes": [],
          "private": "eyJlMmJmYjczMC1lY2FhLTExZTYtOGY4OC0zNDM2M2JjN2M0YzAiOnsiY3JlYXRlIjoxODAwMDAwMDAwMDAwLCJkZWxldGUiOjE4MDAwMDAwMDAwMDAsInVwZGF0ZSI6MTgwMDAwMDAwMDAwMH0sInNjaGVtYV92ZXJzaW9uIjoiMSJ9",
          "dependencies": [
            "google_container_cluster.primary"
          ]
        }
      ]
    },
    {
      "mode": "managed",
      "type": "google_container_node_pool",
      "name": "system_services",
      "provider": "provider[\"registry.terraform.io/hashicorp/google\"]",
      "instances": [
        {
          "status": "tainted",
          "schema_version": 1,
          "attributes": {
            "autoscaling": [
              {
                "location_policy": "",
                "max_node_count": 3,
                "min_node_count": 1,
                "total_max_node_count": 0,
                "total_min_node_count": 0
              }
            ],
            "cluster": "savvy-ceiling-446122-d5-gke",
            "id": "projects/savvy-ceiling-446122-d5/locations/asia-southeast1-a/clusters/savvy-ceiling-446122-d5-gke/nodePools/savvy-ceiling-446122-d5-system-services-pool",
            "initial_node_count": null,
            "instance_group_urls": null,
            "location": "asia-southeast1-a",
            "managed_instance_group_urls": null,
            "management": null,
            "max_pods_per_node": null,
            "name": "savvy-ceiling-446122-d5-system-services-pool",
            "name_prefix": null,
            "network_config": null,
            "node_config": [
              {
                "advanced_machine_features": [],
                "boot_disk_kms_key": "",
                "disk_size_gb": 50,
                "disk_type": "",
                "ephemeral_storage_local_ssd_config": [],
                "gcfs_config": [],
                "guest_accelerator": [],
                "gvnic": [],
                "host_maintenance_policy": [],
                "image_type": "",
                "kubelet_config": [],
                "labels": {
                  "workload": "system-services"
                },
                "linux_node_config": [],
                "local_nvme_ssd_block_config": [],
                "local_ssd_count": 0,
                "logging_variant": "DEFAULT",
                "machine_type": "e2-standard-2",
                "metadata": {},
                "min_cpu_platform": "",
                "node_group": "",
                "oauth_scopes": [],
                "preemptible": false,
                "reservation_affinity": [],
                "resource_labels": null,
                "service_account": "",
                "shielded_instance_config": [],
                "sole_tenant_config": [],
                "spot": false,
                "tags": null,
                "taint": [],
                "workload_metadata_config": []
              }
            ],
            "node_count": 1,
            "node_locations": [],
            "operation": null,
            "placement_policy": [],
            "project": null,
            "timeouts": null,
            "upgrade_settings": null,
            "version": null
          },
          "sensitive_attributes": [],
          "private": "eyJlMmJmYjczMC1lY2FhLTExZTYtOGY4OC0zNDM2M2JjN2M0YzAiOnsiY3JlYXRlIjoxODAwMDAwMDAwMDAwLCJkZWxldGUiOjE4MDAwMDAwMDAwMDAsInVwZGF0ZSI6MTgwMDAwMDAwMDAwMH0sInNjaGVtYV92ZXJzaW9uIjoiMSJ9",
          "dependencies": [
            "google_container_cluster.primary"
          ]
        }
      ]
    }
  ],
  "check_results": null
}
